
Microsoft Visual Studio Solution File, Format Version 12.00
# Visual Studio Version 16
VisualStudioVersion = 16.0.28803.202
MinimumVisualStudioVersion = 10.0.40219.1
Project("{FAE04EC0-301F-11D3-BF4B-00C04F79EFBC}") = "MegaDesk", "MegaDesk\MegaDesk.csproj", "{2699827B-0F7D-4F85-9171-B5D6AEFE957A}"
EndProject
Global
	GlobalSection(SolutionConfigurationPlatforms) = preSolution
		Debug|Any CPU = Debug|Any CPU
		Release|Any CPU = Release|Any CPU
	EndGlobalSection
	GlobalSection(ProjectConfigurationPlatforms) = postSolution
		{2699827B-0F7D-4F85-9171-B5D6AEFE957A}.Debug|Any CPU.ActiveCfg = Debug|Any CPU
		{2699827B-0F7D-4F85-9171-B5D6AEFE957A}.Debug|Any CPU.Build.0 = Debug|Any CPU
		{2699827B-0F7D-4F85-9171-B5D6AEFE957A}.Release|Any CPU.ActiveCfg = Release|Any CPU
		{2699827B-0F7D-4F85-9171-B5D6AEFE957A}.Release|Any CPU.Build.0 = Release|Any CPU
	EndGlobalSection
	GlobalSection(SolutionProperties) = preSolution
		HideSolutionNode = FALSE
	EndGlobalSection
	GlobalSection(ExtensibilityGlobals) = postSolution
		SolutionGuid = {501A6D87-D4DE-4815-BB06-38CEAD11BD71}
	EndGlobalSection
EndGlobal
